// !$*UTF8*$!
{
	archiveVersion = 1;
	classes = {
	};
	objectVersion = 77;
	objects = {

/* Begin PBXBuildFile section */
		64969EAF2DD25745005E747C /* AVFoundation.framework in Frameworks */ = {isa = PBXBuildFile; fileRef = 64969EAE2DD25745005E747C /* AVFoundation.framework */; };
		64969EB12DD2574C005E747C /* Photos.framework in Frameworks */ = {isa = PBXBuildFile; fileRef = 64969EB02DD2574C005E747C /* Photos.framework */; };
		64969EB32DD25753005E747C /* ReplayKit.framework in Frameworks */ = {isa = PBXBuildFile; fileRef = 64969EB22DD25753005E747C /* ReplayKit.framework */; };
/* End PBXBuildFile section */

/* Begin PBXContainerItemProxy section */
		64969E912DD2571A005E747C /* PBXContainerItemProxy */ = {
			isa = PBXContainerItemProxy;
			containerPortal = 64969E782DD25719005E747C /* Project object */;
			proxyType = 1;
			remoteGlobalIDString = 64969E7F2DD25719005E747C;
			remoteInfo = ssr1;
		};
		64969E9B2DD2571A005E747C /* PBXContainerItemProxy */ = {
			isa = PBXContainerItemProxy;
			containerPortal = 64969E782DD25719005E747C /* Project object */;
			proxyType = 1;
			remoteGlobalIDString = 64969E7F2DD25719005E747C;
			remoteInfo = ssr1;
		};
/* End PBXContainerItemProxy section */

/* Begin PBXFileReference section */
		64969E802DD25719005E747C /* ssr1.app */ = {isa = PBXFileReference; explicitFileType = wrapper.application; includeInIndex = 0; path = ssr1.app; sourceTree = BUILT_PRODUCTS_DIR; };
		64969E902DD2571A005E747C /* ssr1Tests.xctest */ = {isa = PBXFileReference; explicitFileType = wrapper.cfbundle; includeInIndex = 0; path = ssr1Tests.xctest; sourceTree = BUILT_PRODUCTS_DIR; };
		64969E9A2DD2571A005E747C /* ssr1UITests.xctest */ = {isa = PBXFileReference; explicitFileType = wrapper.cfbundle; includeInIndex = 0; path = ssr1UITests.xctest; sourceTree = BUILT_PRODUCTS_DIR; };
		64969EAE2DD25745005E747C /* AVFoundation.framework */ = {isa = PBXFileReference; lastKnownFileType = wrapper.framework; name = AVFoundation.framework; path = System/Library/Frameworks/AVFoundation.framework; sourceTree = SDKROOT; };
		64969EB02DD2574C005E747C /* Photos.framework */ = {isa = PBXFileReference; lastKnownFileType = wrapper.framework; name = Photos.framework; path = System/Library/Frameworks/Photos.framework; sourceTree = SDKROOT; };
		64969EB22DD25753005E747C /* ReplayKit.framework */ = {isa = PBXFileReference; lastKnownFileType = wrapper.framework; name = ReplayKit.framework; path = System/Library/Frameworks/ReplayKit.framework; sourceTree = SDKROOT; };
/* End PBXFileReference section */

/* Begin PBXFileSystemSynchronizedRootGroup section */
		64969E822DD25719005E747C /* ssr1 */ = {
			isa = PBXFileSystemSynchronizedRootGroup;
			path = ssr1;
			sourceTree = "<group>";
		};
		64969E932DD2571A005E747C /* ssr1Tests */ = {
			isa = PBXFileSystemSynchronizedRootGroup;
			path = ssr1Tests;
			sourceTree = "<group>";
		};
		64969E9D2DD2571A005E747C /* ssr1UITests */ = {
			isa = PBXFileSystemSynchronizedRootGroup;
			path = ssr1UITests;
			sourceTree = "<group>";
		};
/* End PBXFileSystemSynchronizedRootGroup section */

/* Begin PBXFrameworksBuildPhase section */
		64969E7D2DD25719005E747C /* Frameworks */ = {
			isa = PBXFrameworksBuildPhase;
			buildActionMask = 2147483647;
			files = (
				64969EB32DD25753005E747C /* ReplayKit.framework in Frameworks */,
				64969EAF2DD25745005E747C /* AVFoundation.framework in Frameworks */,
				64969EB12DD2574C005E747C /* Photos.framework in Frameworks */,
			);
			runOnlyForDeploymentPostprocessing = 0;
		};
		64969E8D2DD2571A005E747C /* Frameworks */ = {
			isa = PBXFrameworksBuildPhase;
			buildActionMask = 2147483647;
			files = (
			);
			runOnlyForDeploymentPostprocessing = 0;
		};
		64969E972DD2571A005E747C /* Frameworks */ = {
			isa = PBXFrameworksBuildPhase;
			buildActionMask = 2147483647;
			files = (
			);
			runOnlyForDeploymentPostprocessing = 0;
		};
/* End PBXFrameworksBuildPhase section */

/* Begin PBXGroup section */
		64969E772DD25719005E747C = {
			isa = PBXGroup;
			children = (
				64969E822DD25719005E747C /* ssr1 */,
				64969E932DD2571A005E747C /* ssr1Tests */,
				64969E9D2DD2571A005E747C /* ssr1UITests */,
				64969EAD2DD25745005E747C /* Frameworks */,
				64969E812DD25719005E747C /* Products */,
			);
			sourceTree = "<group>";
		};
		64969E812DD25719005E747C /* Products */ = {
			isa = PBXGroup;
			children = (
				64969E802DD25719005E747C /* ssr1.app */,
				64969E902DD2571A005E747C /* ssr1Tests.xctest */,
				64969E9A2DD2571A005E747C /* ssr1UITests.xctest */,
			);
			name = Products;
			sourceTree = "<group>";
		};
		64969EAD2DD25745005E747C /* Frameworks */ = {
			isa = PBXGroup;
			children = (
				64969EB22DD25753005E747C /* ReplayKit.framework */,
				64969EB02DD2574C005E747C /* Photos.framework */,
				64969EAE2DD25745005E747C /* AVFoundation.framework */,
			);
			name = Frameworks;
			sourceTree = "<group>";
		};
/* End PBXGroup section */

/* Begin PBXNativeTarget section */
		64969E7F2DD25719005E747C /* ssr1 */ = {
			isa = PBXNativeTarget;
			buildConfigurationList = 64969EA42DD2571A005E747C /* Build configuration list for PBXNativeTarget "ssr1" */;
			buildPhases = (
				64969E7C2DD25719005E747C /* Sources */,
				64969E7D2DD25719005E747C /* Frameworks */,
				64969E7E2DD25719005E747C /* Resources */,
			);
			buildRules = (
			);
			dependencies = (
			);
			fileSystemSynchronizedGroups = (
				64969E822DD25719005E747C /* ssr1 */,
			);
			name = ssr1;
			packageProductDependencies = (
			);
			productName = ssr1;
			productReference = 64969E802DD25719005E747C /* ssr1.app */;
			productType = "com.apple.product-type.application";
		};
		64969E8F2DD2571A005E747C /* ssr1Tests */ = {
			isa = PBXNativeTarget;
			buildConfigurationList = 64969EA72DD2571A005E747C /* Build configuration list for PBXNativeTarget "ssr1Tests" */;
			buildPhases = (
				64969E8C2DD2571A005E747C /* Sources */,
				64969E8D2DD2571A005E747C /* Frameworks */,
				64969E8E2DD2571A005E747C /* Resources */,
			);
			buildRules = (
			);
			dependencies = (
				64969E922DD2571A005E747C /* PBXTargetDependency */,
			);
			fileSystemSynchronizedGroups = (
				64969E932DD2571A005E747C /* ssr1Tests */,
			);
			name = ssr1Tests;
			packageProductDependencies = (
			);
			productName = ssr1Tests;
			productReference = 64969E902DD2571A005E747C /* ssr1Tests.xctest */;
			productType = "com.apple.product-type.bundle.unit-test";
		};
		64969E992DD2571A005E747C /* ssr1UITests */ = {
			isa = PBXNativeTarget;
			buildConfigurationList = 64969EAA2DD2571A005E747C /* Build configuration list for PBXNativeTarget "ssr1UITests" */;
			buildPhases = (
				64969E962DD2571A005E747C /* Sources */,
				64969E972DD2571A005E747C /* Frameworks */,
				64969E982DD2571A005E747C /* Resources */,
			);
			buildRules = (
			);
			dependencies = (
				64969E9C2DD2571A005E747C /* PBXTargetDependency */,
			);
			fileSystemSynchronizedGroups = (
				64969E9D2DD2571A005E747C /* ssr1UITests */,
			);
			name = ssr1UITests;
			packageProductDependencies = (
			);
			productName = ssr1UITests;
			productReference = 64969E9A2DD2571A005E747C /* ssr1UITests.xctest */;
			productType = "com.apple.product-type.bundle.ui-testing";
		};
/* End PBXNativeTarget section */

/* Begin PBXProject section */
		64969E782DD25719005E747C /* Project object */ = {
			isa = PBXProject;
			attributes = {
				BuildIndependentTargetsInParallel = 1;
				LastSwiftUpdateCheck = 1620;
				LastUpgradeCheck = 1620;
				TargetAttributes = {
					64969E7F2DD25719005E747C = {
						CreatedOnToolsVersion = 16.2;
					};
					64969E8F2DD2571A005E747C = {
						CreatedOnToolsVersion = 16.2;
						TestTargetID = 64969E7F2DD25719005E747C;
					};
					64969E992DD2571A005E747C = {
						CreatedOnToolsVersion = 16.2;
						TestTargetID = 64969E7F2DD25719005E747C;
					};
				};
			};
			buildConfigurationList = 64969E7B2DD25719005E747C /* Build configuration list for PBXProject "ssr1" */;
			developmentRegion = en;
			hasScannedForEncodings = 0;
			knownRegions = (
				en,
				Base,
			);
			mainGroup = 64969E772DD25719005E747C;
			minimizedProjectReferenceProxies = 1;
			preferredProjectObjectVersion = 77;
			productRefGroup = 64969E812DD25719005E747C /* Products */;
			projectDirPath = "";
			projectRoot = "";
			targets = (
				64969E7F2DD25719005E747C /* ssr1 */,
				64969E8F2DD2571A005E747C /* ssr1Tests */,
				64969E992DD2571A005E747C /* ssr1UITests */,
			);
		};
/* End PBXProject section */

/* Begin PBXResourcesBuildPhase section */
		64969E7E2DD25719005E747C /* Resources */ = {
			isa = PBXResourcesBuildPhase;
			buildActionMask = 2147483647;
			files = (
			);
			runOnlyForDeploymentPostprocessing = 0;
		};
		64969E8E2DD2571A005E747C /* Resources */ = {
			isa = PBXResourcesBuildPhase;
			buildActionMask = 2147483647;
			files = (
			);
			runOnlyForDeploymentPostprocessing = 0;
		};
		64969E982DD2571A005E747C /* Resources */ = {
			isa = PBXResourcesBuildPhase;
			buildActionMask = 2147483647;
			files = (
			);
			runOnlyForDeploymentPostprocessing = 0;
		};
/* End PBXResourcesBuildPhase section */

/* Begin PBXSourcesBuildPhase section */
		64969E7C2DD25719005E747C /* Sources */ = {
			isa = PBXSourcesBuildPhase;
			buildActionMask = 2147483647;
			files = (
			);
			runOnlyForDeploymentPostprocessing = 0;
		};
		64969E8C2DD2571A005E747C /* Sources */ = {
			isa = PBXSourcesBuildPhase;
			buildActionMask = 2147483647;
			files = (
			);
			runOnlyForDeploymentPostprocessing = 0;
		};
		64969E962DD2571A005E747C /* Sources */ = {
			isa = PBXSourcesBuildPhase;
			buildActionMask = 2147483647;
			files = (
			);
			runOnlyForDeploymentPostprocessing = 0;
		};
/* End PBXSourcesBuildPhase section */

/* Begin PBXTargetDependency section */
		64969E922DD2571A005E747C /* PBXTargetDependency */ = {
			isa = PBXTargetDependency;
			target = 64969E7F2DD25719005E747C /* ssr1 */;
			targetProxy = 64969E912DD2571A005E747C /* PBXContainerItemProxy */;
		};
		64969E9C2DD2571A005E747C /* PBXTargetDependency */ = {
			isa = PBXTargetDependency;
			target = 64969E7F2DD25719005E747C /* ssr1 */;
			targetProxy = 64969E9B2DD2571A005E747C /* PBXContainerItemProxy */;
		};
/* End PBXTargetDependency section */

/* Begin XCBuildConfiguration section */
		64969EA22DD2571A005E747C /* Debug */ = {
			isa = XCBuildConfiguration;
			buildSettings = {
				ALWAYS_SEARCH_USER_PATHS = NO;
				ASSETCATALOG_COMPILER_GENERATE_SWIFT_ASSET_SYMBOL_EXTENSIONS = YES;
				CLANG_ANALYZER_NONNULL = YES;
				CLANG_ANALYZER_NUMBER_OBJECT_CONVERSION = YES_AGGRESSIVE;
				CLANG_CXX_LANGUAGE_STANDARD = "gnu++20";
				CLANG_ENABLE_MODULES = YES;
				CLANG_ENABLE_OBJC_ARC = YES;
				CLANG_ENABLE_OBJC_WEAK = YES;
				CLANG_WARN_BLOCK_CAPTURE_AUTORELEASING = YES;
				CLANG_WARN_BOOL_CONVERSION = YES;
				CLANG_WARN_COMMA = YES;
				CLANG_WARN_CONSTANT_CONVERSION = YES;
				CLANG_WARN_DEPRECATED_OBJC_IMPLEMENTATIONS = YES;
				CLANG_WARN_DIRECT_OBJC_ISA_USAGE = YES_ERROR;
				CLANG_WARN_DOCUMENTATION_COMMENTS = YES;
				CLANG_WARN_EMPTY_BODY = YES;
				CLANG_WARN_ENUM_CONVERSION = YES;
				CLANG_WARN_INFINITE_RECURSION = YES;
				CLANG_WARN_INT_CONVERSION = YES;
				CLANG_WARN_NON_LITERAL_NULL_CONVERSION = YES;
				CLANG_WARN_OBJC_IMPLICIT_RETAIN_SELF = YES;
				CLANG_WARN_OBJC_LITERAL_CONVERSION = YES;
				CLANG_WARN_OBJC_ROOT_CLASS = YES_ERROR;
				CLANG_WARN_QUOTED_INCLUDE_IN_FRAMEWORK_HEADER = YES;
				CLANG_WARN_RANGE_LOOP_ANALYSIS = YES;
				CLANG_WARN_STRICT_PROTOTYPES = YES;
				CLANG_WARN_SUSPICIOUS_MOVE = YES;
				CLANG_WARN_UNGUARDED_AVAILABILITY = YES_AGGRESSIVE;
				CLANG_WARN_UNREACHABLE_CODE = YES;
				CLANG_WARN__DUPLICATE_METHOD_MATCH = YES;
				COPY_PHASE_STRIP = NO;
				DEBUG_INFORMATION_FORMAT = dwarf;
				ENABLE_STRICT_OBJC_MSGSEND = YES;
				ENABLE_TESTABILITY = YES;
				ENABLE_USER_SCRIPT_SANDBOXING = YES;
				GCC_C_LANGUAGE_STANDARD = gnu17;
				GCC_DYNAMIC_NO_PIC = NO;
				GCC_NO_COMMON_BLOCKS = YES;
				GCC_OPTIMIZATION_LEVEL = 0;
				GCC_PREPROCESSOR_DEFINITIONS = (
					"DEBUG=1",
					"$(inherited)",
				);
				GCC_WARN_64_TO_32_BIT_CONVERSION = YES;
				GCC_WARN_ABOUT_RETURN_TYPE = YES_ERROR;
				GCC_WARN_UNDECLARED_SELECTOR = YES;
				GCC_WARN_UNINITIALIZED_AUTOS = YES_AGGRESSIVE;
				GCC_WARN_UNUSED_FUNCTION = YES;
				GCC_WARN_UNUSED_VARIABLE = YES;
				IPHONEOS_DEPLOYMENT_TARGET = 18.2;
				LOCALIZATION_PREFERS_STRING_CATALOGS = YES;
				MTL_ENABLE_DEBUG_INFO = INCLUDE_SOURCE;
				MTL_FAST_MATH = YES;
				ONLY_ACTIVE_ARCH = YES;
				SDKROOT = iphoneos;
				SWIFT_ACTIVE_COMPILATION_CONDITIONS = "DEBUG $(inherited)";
				SWIFT_OPTIMIZATION_LEVEL = "-Onone";
			};
			name = Debug;
		};
		64969EA32DD2571A005E747C /* Release */ = {
			isa = XCBuildConfiguration;
			buildSettings = {
				ALWAYS_SEARCH_USER_PATHS = NO;
				ASSETCATALOG_COMPILER_GENERATE_SWIFT_ASSET_SYMBOL_EXTENSIONS = YES;
				CLANG_ANALYZER_NONNULL = YES;
				CLANG_ANALYZER_NUMBER_OBJECT_CONVERSION = YES_AGGRESSIVE;
				CLANG_CXX_LANGUAGE_STANDARD = "gnu++20";
				CLANG_ENABLE_MODULES = YES;
				CLANG_ENABLE_OBJC_ARC = YES;
				CLANG_ENABLE_OBJC_WEAK = YES;
				CLANG_WARN_BLOCK_CAPTURE_AUTORELEASING = YES;
				CLANG_WARN_BOOL_CONVERSION = YES;
				CLANG_WARN_COMMA = YES;
				CLANG_WARN_CONSTANT_CONVERSION = YES;
				CLANG_WARN_DEPRECATED_OBJC_IMPLEMENTATIONS = YES;
				CLANG_WARN_DIRECT_OBJC_ISA_USAGE = YES_ERROR;
				CLANG_WARN_DOCUMENTATION_COMMENTS = YES;
				CLANG_WARN_EMPTY_BODY = YES;
				CLANG_WARN_ENUM_CONVERSION = YES;
				CLANG_WARN_INFINITE_RECURSION = YES;
				CLANG_WARN_INT_CONVERSION = YES;
				CLANG_WARN_NON_LITERAL_NULL_CONVERSION = YES;
				CLANG_WARN_OBJC_IMPLICIT_RETAIN_SELF = YES;
				CLANG_WARN_OBJC_LITERAL_CONVERSION = YES;
				CLANG_WARN_OBJC_ROOT_CLASS = YES_ERROR;
				CLANG_WARN_QUOTED_INCLUDE_IN_FRAMEWORK_HEADER = YES;
				CLANG_WARN_RANGE_LOOP_ANALYSIS = YES;
				CLANG_WARN_STRICT_PROTOTYPES = YES;
				CLANG_WARN_SUSPICIOUS_MOVE = YES;
				CLANG_WARN_UNGUARDED_AVAILABILITY = YES_AGGRESSIVE;
				CLANG_WARN_UNREACHABLE_CODE = YES;
				CLANG_WARN__DUPLICATE_METHOD_MATCH = YES;
				COPY_PHASE_STRIP = NO;
				DEBUG_INFORMATION_FORMAT = "dwarf-with-dsym";
				ENABLE_NS_ASSERTIONS = NO;
				ENABLE_STRICT_OBJC_MSGSEND = YES;
				ENABLE_USER_SCRIPT_SANDBOXING = YES;
				GCC_C_LANGUAGE_STANDARD = gnu17;
				GCC_NO_COMMON_BLOCKS = YES;
				GCC_WARN_64_TO_32_BIT_CONVERSION = YES;
				GCC_WARN_ABOUT_RETURN_TYPE = YES_ERROR;
				GCC_WARN_UNDECLARED_SELECTOR = YES;
				GCC_WARN_UNINITIALIZED_AUTOS = YES_AGGRESSIVE;
				GCC_WARN_UNUSED_FUNCTION = YES;
				GCC_WARN_UNUSED_VARIABLE = YES;
				IPHONEOS_DEPLOYMENT_TARGET = 18.2;
				LOCALIZATION_PREFERS_STRING_CATALOGS = YES;
				MTL_ENABLE_DEBUG_INFO = NO;
				MTL_FAST_MATH = YES;
				SDKROOT = iphoneos;
				SWIFT_COMPILATION_MODE = wholemodule;
				VALIDATE_PRODUCT = YES;
			};
			name = Release;
		};
		64969EA52DD2571A005E747C /* Debug */ = {
			isa = XCBuildConfiguration;
			buildSettings = {
				ASSETCATALOG_COMPILER_APPICON_NAME = AppIcon;
				ASSETCATALOG_COMPILER_GLOBAL_ACCENT_COLOR_NAME = AccentColor;
				CODE_SIGN_STYLE = Automatic;
				CURRENT_PROJECT_VERSION = 1;
				DEVELOPMENT_ASSET_PATHS = "\"ssr1/Preview Content\"";
				DEVELOPMENT_TEAM = Q52C6DQT8N;
				ENABLE_PREVIEWS = YES;
				GENERATE_INFOPLIST_FILE = YES;
				INFOPLIST_KEY_NSCameraUsageDescription = "We need camera api";
				INFOPLIST_KEY_NSMicrophoneUsageDescription = "We need audio access ";
				INFOPLIST_KEY_NSPhotoLibraryAddUsageDescription = "We need more";
				INFOPLIST_KEY_UIApplicationSceneManifest_Generation = YES;
				INFOPLIST_KEY_UIApplicationSupportsIndirectInputEvents = YES;
				INFOPLIST_KEY_UILaunchScreen_Generation = YES;
				INFOPLIST_KEY_UISupportedInterfaceOrientations_iPad = "UIInterfaceOrientationPortrait UIInterfaceOrientationPortraitUpsideDown UIInterfaceOrientationLandscapeLeft UIInterfaceOrientationLandscapeRight";
				INFOPLIST_KEY_UISupportedInterfaceOrientations_iPhone = "UIInterfaceOrientationPortrait UIInterfaceOrientationLandscapeLeft UIInterfaceOrientationLandscapeRight";
				LD_RUNPATH_SEARCH_PATHS = (
					"$(inherited)",
					"@executable_path/Frameworks",
				);
				MARKETING_VERSION = 1.0;
				PRODUCT_BUNDLE_IDENTIFIER = hashashin.ssr1;
				PRODUCT_NAME = "$(TARGET_NAME)";
				SWIFT_EMIT_LOC_STRINGS = YES;
				SWIFT_VERSION = 5.0;
				TARGETED_DEVICE_FAMILY = "1,2";
			};
			name = Debug;
		};
		64969EA62DD2571A005E747C /* Release */ = {
			isa = XCBuildConfiguration;
			buildSettings = {
				ASSETCATALOG_COMPILER_APPICON_NAME = AppIcon;
				ASSETCATALOG_COMPILER_GLOBAL_ACCENT_COLOR_NAME = AccentColor;
				CODE_SIGN_STYLE = Automatic;
				CURRENT_PROJECT_VERSION = 1;
				DEVELOPMENT_ASSET_PATHS = "\"ssr1/Preview Content\"";
				DEVELOPMENT_TEAM = Q52C6DQT8N;
				ENABLE_PREVIEWS = YES;
				GENERATE_INFOPLIST_FILE = YES;
				INFOPLIST_KEY_NSCameraUsageDescription = "We need camera api";
				INFOPLIST_KEY_NSMicrophoneUsageDescription = "We need audio access ";
				INFOPLIST_KEY_NSPhotoLibraryAddUsageDescription = "We need more";
				INFOPLIST_KEY_UIApplicationSceneManifest_Generation = YES;
				INFOPLIST_KEY_UIApplicationSupportsIndirectInputEvents = YES;
				INFOPLIST_KEY_UILaunchScreen_Generation = YES;
				INFOPLIST_KEY_UISupportedInterfaceOrientations_iPad = "UIInterfaceOrientationPortrait UIInterfaceOrientationPortraitUpsideDown UIInterfaceOrientationLandscapeLeft UIInterfaceOrientationLandscapeRight";
				INFOPLIST_KEY_UISupportedInterfaceOrientations_iPhone = "UIInterfaceOrientationPortrait UIInterfaceOrientationLandscapeLeft UIInterfaceOrientationLandscapeRight";
				LD_RUNPATH_SEARCH_PATHS = (
					"$(inherited)",
					"@executable_path/Frameworks",
				);
				MARKETING_VERSION = 1.0;
				PRODUCT_BUNDLE_IDENTIFIER = hashashin.ssr1;
				PRODUCT_NAME = "$(TARGET_NAME)";
				SWIFT_EMIT_LOC_STRINGS = YES;
				SWIFT_VERSION = 5.0;
				TARGETED_DEVICE_FAMILY = "1,2";
			};
			name = Release;
		};
		64969EA82DD2571A005E747C /* Debug */ = {
			isa = XCBuildConfiguration;
			buildSettings = {
				BUNDLE_LOADER = "$(TEST_HOST)";
				CODE_SIGN_STYLE = Automatic;
				CURRENT_PROJECT_VERSION = 1;
				GENERATE_INFOPLIST_FILE = YES;
				IPHONEOS_DEPLOYMENT_TARGET = 18.2;
				MARKETING_VERSION = 1.0;
				PRODUCT_BUNDLE_IDENTIFIER = hashashin.ssr1Tests;
				PRODUCT_NAME = "$(TARGET_NAME)";
				SWIFT_EMIT_LOC_STRINGS = NO;
				SWIFT_VERSION = 5.0;
				TARGETED_DEVICE_FAMILY = "1,2";
				TEST_HOST = "$(BUILT_PRODUCTS_DIR)/ssr1.app/$(BUNDLE_EXECUTABLE_FOLDER_PATH)/ssr1";
			};
			name = Debug;
		};
		64969EA92DD2571A005E747C /* Release */ = {
			isa = XCBuildConfiguration;
			buildSettings = {
				BUNDLE_LOADER = "$(TEST_HOST)";
				CODE_SIGN_STYLE = Automatic;
				CURRENT_PROJECT_VERSION = 1;
				GENERATE_INFOPLIST_FILE = YES;
				IPHONEOS_DEPLOYMENT_TARGET = 18.2;
				MARKETING_VERSION = 1.0;
				PRODUCT_BUNDLE_IDENTIFIER = hashashin.ssr1Tests;
				PRODUCT_NAME = "$(TARGET_NAME)";
				SWIFT_EMIT_LOC_STRINGS = NO;
				SWIFT_VERSION = 5.0;
				TARGETED_DEVICE_FAMILY = "1,2";
				TEST_HOST = "$(BUILT_PRODUCTS_DIR)/ssr1.app/$(BUNDLE_EXECUTABLE_FOLDER_PATH)/ssr1";
			};
			name = Release;
		};
		64969EAB2DD2571A005E747C /* Debug */ = {
			isa = XCBuildConfiguration;
			buildSettings = {
				CODE_SIGN_STYLE = Automatic;
				CURRENT_PROJECT_VERSION = 1;
				GENERATE_INFOPLIST_FILE = YES;
				MARKETING_VERSION = 1.0;
				PRODUCT_BUNDLE_IDENTIFIER = hashashin.ssr1UITests;
				PRODUCT_NAME = "$(TARGET_NAME)";
				SWIFT_EMIT_LOC_STRINGS = NO;
				SWIFT_VERSION = 5.0;
				TARGETED_DEVICE_FAMILY = "1,2";
				TEST_TARGET_NAME = ssr1;
			};
			name = Debug;
		};
		64969EAC2DD2571A005E747C /* Release */ = {
			isa = XCBuildConfiguration;
			buildSettings = {
				CODE_SIGN_STYLE = Automatic;
				CURRENT_PROJECT_VERSION = 1;
				GENERATE_INFOPLIST_FILE = YES;
				MARKETING_VERSION = 1.0;
				PRODUCT_BUNDLE_IDENTIFIER = hashashin.ssr1UITests;
				PRODUCT_NAME = "$(TARGET_NAME)";
				SWIFT_EMIT_LOC_STRINGS = NO;
				SWIFT_VERSION = 5.0;
				TARGETED_DEVICE_FAMILY = "1,2";
				TEST_TARGET_NAME = ssr1;
			};
			name = Release;
		};
/* End XCBuildConfiguration section */

/* Begin XCConfigurationList section */
		64969E7B2DD25719005E747C /* Build configuration list for PBXProject "ssr1" */ = {
			isa = XCConfigurationList;
			buildConfigurations = (
				64969EA22DD2571A005E747C /* Debug */,
				64969EA32DD2571A005E747C /* Release */,
			);
			defaultConfigurationIsVisible = 0;
			defaultConfigurationName = Release;
		};
		64969EA42DD2571A005E747C /* Build configuration list for PBXNativeTarget "ssr1" */ = {
			isa = XCConfigurationList;
			buildConfigurations = (
				64969EA52DD2571A005E747C /* Debug */,
				64969EA62DD2571A005E747C /* Release */,
			);
			defaultConfigurationIsVisible = 0;
			defaultConfigurationName = Release;
		};
		64969EA72DD2571A005E747C /* Build configuration list for PBXNativeTarget "ssr1Tests" */ = {
			isa = XCConfigurationList;
			buildConfigurations = (
				64969EA82DD2571A005E747C /* Debug */,
				64969EA92DD2571A005E747C /* Release */,
			);
			defaultConfigurationIsVisible = 0;
			defaultConfigurationName = Release;
		};
		64969EAA2DD2571A005E747C /* Build configuration list for PBXNativeTarget "ssr1UITests" */ = {
			isa = XCConfigurationList;
			buildConfigurations = (
				64969EAB2DD2571A005E747C /* Debug */,
				64969EAC2DD2571A005E747C /* Release */,
			);
			defaultConfigurationIsVisible = 0;
			defaultConfigurationName = Release;
		};
/* End XCConfigurationList section */
	};
	rootObject = 64969E782DD25719005E747C /* Project object */;
}
